
Microsoft Visual Studio Solution File, Format Version 12.00
# Visual Studio Version 17
VisualStudioVersion = 17.5.33627.172
MinimumVisualStudioVersion = 10.0.40219.1
Project("{FAE04EC0-301F-11D3-BF4B-00C04F79EFBC}") = "livescore_CrearPartido", "livescore_CrearPartido\livescore_CrearPartido.csproj", "{139CA448-3792-44A9-8B51-3D86A6B43EB0}"
EndProject
Global
	GlobalSection(SolutionConfigurationPlatforms) = preSolution
		Debug|Any CPU = Debug|Any CPU
		Release|Any CPU = Release|Any CPU
	EndGlobalSection
	GlobalSection(ProjectConfigurationPlatforms) = postSolution
		{139CA448-3792-44A9-8B51-3D86A6B43EB0}.Debug|Any CPU.ActiveCfg = Debug|Any CPU
		{139CA448-3792-44A9-8B51-3D86A6B43EB0}.Debug|Any CPU.Build.0 = Debug|Any CPU
		{139CA448-3792-44A9-8B51-3D86A6B43EB0}.Release|Any CPU.ActiveCfg = Release|Any CPU
		{139CA448-3792-44A9-8B51-3D86A6B43EB0}.Release|Any CPU.Build.0 = Release|Any CPU
	EndGlobalSection
	GlobalSection(SolutionProperties) = preSolution
		HideSolutionNode = FALSE
	EndGlobalSection
	GlobalSection(ExtensibilityGlobals) = postSolution
		SolutionGuid = {05C3C18C-0765-4C9D-96DC-D4C3DBA1837C}
	EndGlobalSection
EndGlobal
